
Microsoft Visual Studio Solution File, Format Version 12.00
# Visual Studio 15
VisualStudioVersion = 15.0.28307.1231
MinimumVisualStudioVersion = 10.0.40219.1
Project("{FAE04EC0-301F-11D3-BF4B-00C04F79EFBC}") = "Task2_Json", "Task2_Json\Task2_Json.csproj", "{4FF62041-8737-454F-AFCA-8D172D7ECEE9}"
EndProject
Global
	GlobalSection(SolutionConfigurationPlatforms) = preSolution
		Debug|Any CPU = Debug|Any CPU
		Release|Any CPU = Release|Any CPU
	EndGlobalSection
	GlobalSection(ProjectConfigurationPlatforms) = postSolution
		{4FF62041-8737-454F-AFCA-8D172D7ECEE9}.Debug|Any CPU.ActiveCfg = Debug|Any CPU
		{4FF62041-8737-454F-AFCA-8D172D7ECEE9}.Debug|Any CPU.Build.0 = Debug|Any CPU
		{4FF62041-8737-454F-AFCA-8D172D7ECEE9}.Release|Any CPU.ActiveCfg = Release|Any CPU
		{4FF62041-8737-454F-AFCA-8D172D7ECEE9}.Release|Any CPU.Build.0 = Release|Any CPU
	EndGlobalSection
	GlobalSection(SolutionProperties) = preSolution
		HideSolutionNode = FALSE
	EndGlobalSection
	GlobalSection(ExtensibilityGlobals) = postSolution
		SolutionGuid = {AC1E2BB9-4769-4F56-B4AA-A47F5850266D}
	EndGlobalSection
EndGlobal
