
Microsoft Visual Studio Solution File, Format Version 12.00
# Visual Studio 15
VisualStudioVersion = 15.0.28307.1209
MinimumVisualStudioVersion = 10.0.40219.1
Project("{FAE04EC0-301F-11D3-BF4B-00C04F79EFBC}") = "Task1_File", "Task1_File\Task1_File.csproj", "{59F8A862-36A8-44F8-BF01-E282F1CC5FF1}"
EndProject
Global
	GlobalSection(SolutionConfigurationPlatforms) = preSolution
		Debug|Any CPU = Debug|Any CPU
		Release|Any CPU = Release|Any CPU
	EndGlobalSection
	GlobalSection(ProjectConfigurationPlatforms) = postSolution
		{59F8A862-36A8-44F8-BF01-E282F1CC5FF1}.Debug|Any CPU.ActiveCfg = Debug|Any CPU
		{59F8A862-36A8-44F8-BF01-E282F1CC5FF1}.Debug|Any CPU.Build.0 = Debug|Any CPU
		{59F8A862-36A8-44F8-BF01-E282F1CC5FF1}.Release|Any CPU.ActiveCfg = Release|Any CPU
		{59F8A862-36A8-44F8-BF01-E282F1CC5FF1}.Release|Any CPU.Build.0 = Release|Any CPU
	EndGlobalSection
	GlobalSection(SolutionProperties) = preSolution
		HideSolutionNode = FALSE
	EndGlobalSection
	GlobalSection(ExtensibilityGlobals) = postSolution
		SolutionGuid = {C71B6ACB-D889-4BFF-AFA5-1C62C56A6369}
	EndGlobalSection
EndGlobal
